
Microsoft Visual Studio Solution File, Format Version 12.00
# Visual Studio Version 16
VisualStudioVersion = 16.0.30621.155
MinimumVisualStudioVersion = 10.0.40219.1
Project("{9A19103F-16F7-4668-BE54-9A1E7A4F7556}") = "ImageClient", "ImageClient\ImageClient.csproj", "{C7046296-8368-4223-9355-2425E19BB48A}"
	ProjectSection(ProjectDependencies) = postProject
		{7F4BF0A7-1616-4BAC-9E50-A7D06A3A5541} = {7F4BF0A7-1616-4BAC-9E50-A7D06A3A5541}
		{5F8309B9-34AE-4EE2-B54F-4EFEA59D8576} = {5F8309B9-34AE-4EE2-B54F-4EFEA59D8576}
	EndProjectSection
EndProject
Project("{9A19103F-16F7-4668-BE54-9A1E7A4F7556}") = "MyDLL", "MyDLL\MyDLL.csproj", "{7F4BF0A7-1616-4BAC-9E50-A7D06A3A5541}"
EndProject
Project("{9A19103F-16F7-4668-BE54-9A1E7A4F7556}") = "Model", "Model\Model.csproj", "{5F8309B9-34AE-4EE2-B54F-4EFEA59D8576}"
EndProject
Project("{FAE04EC0-301F-11D3-BF4B-00C04F79EFBC}") = "Web", "Web\Web.csproj", "{3C6F074B-3AB4-4206-B230-593FAD398A64}"
EndProject
Project("{FAE04EC0-301F-11D3-BF4B-00C04F79EFBC}") = "DAL", "DAL\DAL.csproj", "{C0F2A5B1-2B08-4771-9B88-7030305232BB}"
EndProject
Global
	GlobalSection(SolutionConfigurationPlatforms) = preSolution
		Debug|Any CPU = Debug|Any CPU
		Release|Any CPU = Release|Any CPU
	EndGlobalSection
	GlobalSection(ProjectConfigurationPlatforms) = postSolution
		{C7046296-8368-4223-9355-2425E19BB48A}.Debug|Any CPU.ActiveCfg = Debug|Any CPU
		{C7046296-8368-4223-9355-2425E19BB48A}.Debug|Any CPU.Build.0 = Debug|Any CPU
		{C7046296-8368-4223-9355-2425E19BB48A}.Release|Any CPU.ActiveCfg = Release|Any CPU
		{C7046296-8368-4223-9355-2425E19BB48A}.Release|Any CPU.Build.0 = Release|Any CPU
		{7F4BF0A7-1616-4BAC-9E50-A7D06A3A5541}.Debug|Any CPU.ActiveCfg = Debug|Any CPU
		{7F4BF0A7-1616-4BAC-9E50-A7D06A3A5541}.Debug|Any CPU.Build.0 = Debug|Any CPU
		{7F4BF0A7-1616-4BAC-9E50-A7D06A3A5541}.Release|Any CPU.ActiveCfg = Release|Any CPU
		{7F4BF0A7-1616-4BAC-9E50-A7D06A3A5541}.Release|Any CPU.Build.0 = Release|Any CPU
		{5F8309B9-34AE-4EE2-B54F-4EFEA59D8576}.Debug|Any CPU.ActiveCfg = Debug|Any CPU
		{5F8309B9-34AE-4EE2-B54F-4EFEA59D8576}.Debug|Any CPU.Build.0 = Debug|Any CPU
		{5F8309B9-34AE-4EE2-B54F-4EFEA59D8576}.Release|Any CPU.ActiveCfg = Release|Any CPU
		{5F8309B9-34AE-4EE2-B54F-4EFEA59D8576}.Release|Any CPU.Build.0 = Release|Any CPU
		{3C6F074B-3AB4-4206-B230-593FAD398A64}.Debug|Any CPU.ActiveCfg = Debug|Any CPU
		{3C6F074B-3AB4-4206-B230-593FAD398A64}.Debug|Any CPU.Build.0 = Debug|Any CPU
		{3C6F074B-3AB4-4206-B230-593FAD398A64}.Release|Any CPU.ActiveCfg = Release|Any CPU
		{3C6F074B-3AB4-4206-B230-593FAD398A64}.Release|Any CPU.Build.0 = Release|Any CPU
		{C0F2A5B1-2B08-4771-9B88-7030305232BB}.Debug|Any CPU.ActiveCfg = Debug|Any CPU
		{C0F2A5B1-2B08-4771-9B88-7030305232BB}.Debug|Any CPU.Build.0 = Debug|Any CPU
		{C0F2A5B1-2B08-4771-9B88-7030305232BB}.Release|Any CPU.ActiveCfg = Release|Any CPU
		{C0F2A5B1-2B08-4771-9B88-7030305232BB}.Release|Any CPU.Build.0 = Release|Any CPU
	EndGlobalSection
	GlobalSection(SolutionProperties) = preSolution
		HideSolutionNode = FALSE
	EndGlobalSection
	GlobalSection(ExtensibilityGlobals) = postSolution
		SolutionGuid = {98022EED-46C2-420D-BB9B-33C2FA32AF9D}
	EndGlobalSection
EndGlobal
